// !$*UTF8*$!
{
	archiveVersion = 1;
	classes = {
	};
	objectVersion = 48;
	objects = {

/* Begin PBXBuildFile section */
		0A8FA8BC4797B1FD0A91A71C /* Pods_audio2005UITests.framework in Frameworks */ = {isa = PBXBuildFile; fileRef = 8EB5B605D300D8797796D386 /* Pods_audio2005UITests.framework */; };
		430617681F8A484100432E69 /* MP3Controller.swift in Sources */ = {isa = PBXBuildFile; fileRef = 430617671F8A484100432E69 /* MP3Controller.swift */; };
		4306176F1F8A58E100432E69 /* components.swift in Sources */ = {isa = PBXBuildFile; fileRef = 4306176E1F8A58E100432E69 /* components.swift */; };
		430617711F8A64C400432E69 /* FactoryHttpInterface.swift in Sources */ = {isa = PBXBuildFile; fileRef = 430617701F8A64C400432E69 /* FactoryHttpInterface.swift */; };
		430617731F8A653800432E69 /* FactoriesTests.swift in Sources */ = {isa = PBXBuildFile; fileRef = 430617721F8A653800432E69 /* FactoriesTests.swift */; };
		432136DB1F8929880045F6A9 /* HttpFrame.swift in Sources */ = {isa = PBXBuildFile; fileRef = 432136DA1F8929880045F6A9 /* HttpFrame.swift */; };
		433664E81F8CF41300944D1B /* audio2005UITests.swift in Sources */ = {isa = PBXBuildFile; fileRef = 433664E71F8CF41300944D1B /* audio2005UITests.swift */; };
		433987221F8942600062FC07 /* Constants.swift in Sources */ = {isa = PBXBuildFile; fileRef = 433987211F8942600062FC07 /* Constants.swift */; };
		433AA3FE1F8A0C1D00575567 /* utils.swift in Sources */ = {isa = PBXBuildFile; fileRef = 433AA3FD1F8A0C1D00575567 /* utils.swift */; };
		433AA4001F8A217100575567 /* AlbumFactory.swift in Sources */ = {isa = PBXBuildFile; fileRef = 433AA3FF1F8A217100575567 /* AlbumFactory.swift */; };
		433AA4021F8A21BA00575567 /* ItemsFactory.swift in Sources */ = {isa = PBXBuildFile; fileRef = 433AA4011F8A21BA00575567 /* ItemsFactory.swift */; };
		43A657AC1F9057DE0026A2D9 /* AlbumFactoryTests.swift in Sources */ = {isa = PBXBuildFile; fileRef = 43A657AB1F9057DE0026A2D9 /* AlbumFactoryTests.swift */; };
		43C737381F89215C0098D95A /* AppDelegate.swift in Sources */ = {isa = PBXBuildFile; fileRef = 43C737371F89215C0098D95A /* AppDelegate.swift */; };
		43C7373A1F89215C0098D95A /* IViewController.swift in Sources */ = {isa = PBXBuildFile; fileRef = 43C737391F89215C0098D95A /* IViewController.swift */; };
		43C7373D1F89215C0098D95A /* Main.storyboard in Resources */ = {isa = PBXBuildFile; fileRef = 43C7373B1F89215C0098D95A /* Main.storyboard */; };
		43C7373F1F89215C0098D95A /* Assets.xcassets in Resources */ = {isa = PBXBuildFile; fileRef = 43C7373E1F89215C0098D95A /* Assets.xcassets */; };
		43C737421F89215C0098D95A /* LaunchScreen.storyboard in Resources */ = {isa = PBXBuildFile; fileRef = 43C737401F89215C0098D95A /* LaunchScreen.storyboard */; };
		43C7375F1F8922380098D95A /* syslog.swift in Sources */ = {isa = PBXBuildFile; fileRef = 43C7375E1F8922380098D95A /* syslog.swift */; };
		43C737621F8927070098D95A /* Extensions.swift in Sources */ = {isa = PBXBuildFile; fileRef = 43C737611F8927070098D95A /* Extensions.swift */; };
		43F0C7DD1F8939A70091D790 /* IIViewController.swift in Sources */ = {isa = PBXBuildFile; fileRef = 43F0C7DC1F8939A70091D790 /* IIViewController.swift */; };
		43F0C7DF1F893ABB0091D790 /* IIIViewController.swift in Sources */ = {isa = PBXBuildFile; fileRef = 43F0C7DE1F893ABB0091D790 /* IIIViewController.swift */; };
		C0A0EE7953E502A6E99C5602 /* Pods_audio2005.framework in Frameworks */ = {isa = PBXBuildFile; fileRef = 74B14A1A55D58B53B3BCC3DE /* Pods_audio2005.framework */; };
		E6858CBA08BA62F87A0C66A8 /* Pods_audio2005Tests.framework in Frameworks */ = {isa = PBXBuildFile; fileRef = 613F4BD26F0B29233D1303AF /* Pods_audio2005Tests.framework */; };
/* End PBXBuildFile section */

/* Begin PBXContainerItemProxy section */
		433664EA1F8CF41300944D1B /* PBXContainerItemProxy */ = {
			isa = PBXContainerItemProxy;
			containerPortal = 43C7372C1F89215C0098D95A /* Project object */;
			proxyType = 1;
			remoteGlobalIDString = 43C737331F89215C0098D95A;
			remoteInfo = audio2005;
		};
		43C737491F89215C0098D95A /* PBXContainerItemProxy */ = {
			isa = PBXContainerItemProxy;
			containerPortal = 43C7372C1F89215C0098D95A /* Project object */;
			proxyType = 1;
			remoteGlobalIDString = 43C737331F89215C0098D95A;
			remoteInfo = audio2005;
		};
/* End PBXContainerItemProxy section */

/* Begin PBXFileReference section */
		017862782B41F1BFB74701BD /* Pods-audio2005UITests.debug.xcconfig */ = {isa = PBXFileReference; includeInIndex = 1; lastKnownFileType = text.xcconfig; name = "Pods-audio2005UITests.debug.xcconfig"; path = "Pods/Target Support Files/Pods-audio2005UITests/Pods-audio2005UITests.debug.xcconfig"; sourceTree = "<group>"; };
		0712EADAA1E7C9C9B770BF66 /* Pods-audio2005Tests.release.xcconfig */ = {isa = PBXFileReference; includeInIndex = 1; lastKnownFileType = text.xcconfig; name = "Pods-audio2005Tests.release.xcconfig"; path = "Pods/Target Support Files/Pods-audio2005Tests/Pods-audio2005Tests.release.xcconfig"; sourceTree = "<group>"; };
		1A072D663C3A1A7CBABF6C97 /* Pods-audio2005.debug.xcconfig */ = {isa = PBXFileReference; includeInIndex = 1; lastKnownFileType = text.xcconfig; name = "Pods-audio2005.debug.xcconfig"; path = "Pods/Target Support Files/Pods-audio2005/Pods-audio2005.debug.xcconfig"; sourceTree = "<group>"; };
		430617671F8A484100432E69 /* MP3Controller.swift */ = {isa = PBXFileReference; lastKnownFileType = sourcecode.swift; path = MP3Controller.swift; sourceTree = "<group>"; };
		4306176E1F8A58E100432E69 /* components.swift */ = {isa = PBXFileReference; lastKnownFileType = sourcecode.swift; path = components.swift; sourceTree = "<group>"; };
		430617701F8A64C400432E69 /* FactoryHttpInterface.swift */ = {isa = PBXFileReference; lastKnownFileType = sourcecode.swift; path = FactoryHttpInterface.swift; sourceTree = "<group>"; };
		430617721F8A653800432E69 /* FactoriesTests.swift */ = {isa = PBXFileReference; lastKnownFileType = sourcecode.swift; path = FactoriesTests.swift; sourceTree = "<group>"; };
		432136DA1F8929880045F6A9 /* HttpFrame.swift */ = {isa = PBXFileReference; lastKnownFileType = sourcecode.swift; path = HttpFrame.swift; sourceTree = "<group>"; };
		433664E51F8CF41300944D1B /* audio2005UITests.xctest */ = {isa = PBXFileReference; explicitFileType = wrapper.cfbundle; includeInIndex = 0; path = audio2005UITests.xctest; sourceTree = BUILT_PRODUCTS_DIR; };
		433664E71F8CF41300944D1B /* audio2005UITests.swift */ = {isa = PBXFileReference; lastKnownFileType = sourcecode.swift; path = audio2005UITests.swift; sourceTree = "<group>"; };
		433664E91F8CF41300944D1B /* Info.plist */ = {isa = PBXFileReference; lastKnownFileType = text.plist.xml; path = Info.plist; sourceTree = "<group>"; };
		433987211F8942600062FC07 /* Constants.swift */ = {isa = PBXFileReference; lastKnownFileType = sourcecode.swift; path = Constants.swift; sourceTree = "<group>"; };
		433AA3FD1F8A0C1D00575567 /* utils.swift */ = {isa = PBXFileReference; lastKnownFileType = sourcecode.swift; path = utils.swift; sourceTree = "<group>"; };
		433AA3FF1F8A217100575567 /* AlbumFactory.swift */ = {isa = PBXFileReference; lastKnownFileType = sourcecode.swift; path = AlbumFactory.swift; sourceTree = "<group>"; };
		433AA4011F8A21BA00575567 /* ItemsFactory.swift */ = {isa = PBXFileReference; lastKnownFileType = sourcecode.swift; path = ItemsFactory.swift; sourceTree = "<group>"; };
		43A657AB1F9057DE0026A2D9 /* AlbumFactoryTests.swift */ = {isa = PBXFileReference; lastKnownFileType = sourcecode.swift; path = AlbumFactoryTests.swift; sourceTree = "<group>"; };
		43C737341F89215C0098D95A /* audio2005.app */ = {isa = PBXFileReference; explicitFileType = wrapper.application; includeInIndex = 0; path = audio2005.app; sourceTree = BUILT_PRODUCTS_DIR; };
		43C737371F89215C0098D95A /* AppDelegate.swift */ = {isa = PBXFileReference; lastKnownFileType = sourcecode.swift; path = AppDelegate.swift; sourceTree = "<group>"; };
		43C737391F89215C0098D95A /* IViewController.swift */ = {isa = PBXFileReference; lastKnownFileType = sourcecode.swift; path = IViewController.swift; sourceTree = "<group>"; };
		43C7373C1F89215C0098D95A /* Base */ = {isa = PBXFileReference; lastKnownFileType = file.storyboard; name = Base; path = Base.lproj/Main.storyboard; sourceTree = "<group>"; };
		43C7373E1F89215C0098D95A /* Assets.xcassets */ = {isa = PBXFileReference; lastKnownFileType = folder.assetcatalog; path = Assets.xcassets; sourceTree = "<group>"; };
		43C737411F89215C0098D95A /* Base */ = {isa = PBXFileReference; lastKnownFileType = file.storyboard; name = Base; path = Base.lproj/LaunchScreen.storyboard; sourceTree = "<group>"; };
		43C737431F89215C0098D95A /* Info.plist */ = {isa = PBXFileReference; lastKnownFileType = text.plist.xml; path = Info.plist; sourceTree = "<group>"; };
		43C737481F89215C0098D95A /* audio2005Tests.xctest */ = {isa = PBXFileReference; explicitFileType = wrapper.cfbundle; includeInIndex = 0; path = audio2005Tests.xctest; sourceTree = BUILT_PRODUCTS_DIR; };
		43C7374E1F89215C0098D95A /* Info.plist */ = {isa = PBXFileReference; lastKnownFileType = text.plist.xml; name = Info.plist; path = audio2005Tests/Info.plist; sourceTree = SOURCE_ROOT; };
		43C7375E1F8922380098D95A /* syslog.swift */ = {isa = PBXFileReference; lastKnownFileType = sourcecode.swift; path = syslog.swift; sourceTree = "<group>"; };
		43C737611F8927070098D95A /* Extensions.swift */ = {isa = PBXFileReference; lastKnownFileType = sourcecode.swift; path = Extensions.swift; sourceTree = "<group>"; };
		43F0C7DC1F8939A70091D790 /* IIViewController.swift */ = {isa = PBXFileReference; lastKnownFileType = sourcecode.swift; path = IIViewController.swift; sourceTree = "<group>"; };
		43F0C7DE1F893ABB0091D790 /* IIIViewController.swift */ = {isa = PBXFileReference; lastKnownFileType = sourcecode.swift; path = IIIViewController.swift; sourceTree = "<group>"; };
		4FDA37B582F4037947E03966 /* Pods-audio2005.release.xcconfig */ = {isa = PBXFileReference; includeInIndex = 1; lastKnownFileType = text.xcconfig; name = "Pods-audio2005.release.xcconfig"; path = "Pods/Target Support Files/Pods-audio2005/Pods-audio2005.release.xcconfig"; sourceTree = "<group>"; };
		613F4BD26F0B29233D1303AF /* Pods_audio2005Tests.framework */ = {isa = PBXFileReference; explicitFileType = wrapper.framework; includeInIndex = 0; path = Pods_audio2005Tests.framework; sourceTree = BUILT_PRODUCTS_DIR; };
		621705D40611FCD6EF70E00E /* Pods-audio2005UITests.release.xcconfig */ = {isa = PBXFileReference; includeInIndex = 1; lastKnownFileType = text.xcconfig; name = "Pods-audio2005UITests.release.xcconfig"; path = "Pods/Target Support Files/Pods-audio2005UITests/Pods-audio2005UITests.release.xcconfig"; sourceTree = "<group>"; };
		74B14A1A55D58B53B3BCC3DE /* Pods_audio2005.framework */ = {isa = PBXFileReference; explicitFileType = wrapper.framework; includeInIndex = 0; path = Pods_audio2005.framework; sourceTree = BUILT_PRODUCTS_DIR; };
		8EB5B605D300D8797796D386 /* Pods_audio2005UITests.framework */ = {isa = PBXFileReference; explicitFileType = wrapper.framework; includeInIndex = 0; path = Pods_audio2005UITests.framework; sourceTree = BUILT_PRODUCTS_DIR; };
		DD386E61589500775ED43D21 /* Pods-audio2005Tests.debug.xcconfig */ = {isa = PBXFileReference; includeInIndex = 1; lastKnownFileType = text.xcconfig; name = "Pods-audio2005Tests.debug.xcconfig"; path = "Pods/Target Support Files/Pods-audio2005Tests/Pods-audio2005Tests.debug.xcconfig"; sourceTree = "<group>"; };
/* End PBXFileReference section */

/* Begin PBXFrameworksBuildPhase section */
		433664E21F8CF41300944D1B /* Frameworks */ = {
			isa = PBXFrameworksBuildPhase;
			buildActionMask = 2147483647;
			files = (
				0A8FA8BC4797B1FD0A91A71C /* Pods_audio2005UITests.framework in Frameworks */,
			);
			runOnlyForDeploymentPostprocessing = 0;
		};
		43C737311F89215C0098D95A /* Frameworks */ = {
			isa = PBXFrameworksBuildPhase;
			buildActionMask = 2147483647;
			files = (
				C0A0EE7953E502A6E99C5602 /* Pods_audio2005.framework in Frameworks */,
			);
			runOnlyForDeploymentPostprocessing = 0;
		};
		43C737451F89215C0098D95A /* Frameworks */ = {
			isa = PBXFrameworksBuildPhase;
			buildActionMask = 2147483647;
			files = (
				E6858CBA08BA62F87A0C66A8 /* Pods_audio2005Tests.framework in Frameworks */,
			);
			runOnlyForDeploymentPostprocessing = 0;
		};
/* End PBXFrameworksBuildPhase section */

/* Begin PBXGroup section */
		3768F41AB844B7FE8DD25E17 /* Pods */ = {
			isa = PBXGroup;
			children = (
				1A072D663C3A1A7CBABF6C97 /* Pods-audio2005.debug.xcconfig */,
				4FDA37B582F4037947E03966 /* Pods-audio2005.release.xcconfig */,
				DD386E61589500775ED43D21 /* Pods-audio2005Tests.debug.xcconfig */,
				0712EADAA1E7C9C9B770BF66 /* Pods-audio2005Tests.release.xcconfig */,
				017862782B41F1BFB74701BD /* Pods-audio2005UITests.debug.xcconfig */,
				621705D40611FCD6EF70E00E /* Pods-audio2005UITests.release.xcconfig */,
			);
			name = Pods;
			sourceTree = "<group>";
		};
		432136D91F8929670045F6A9 /* Basics */ = {
			isa = PBXGroup;
			children = (
				432136DA1F8929880045F6A9 /* HttpFrame.swift */,
				43C737611F8927070098D95A /* Extensions.swift */,
			);
			name = Basics;
			sourceTree = "<group>";
		};
		433664E61F8CF41300944D1B /* audio2005UITests */ = {
			isa = PBXGroup;
			children = (
				433664E71F8CF41300944D1B /* audio2005UITests.swift */,
				433664E91F8CF41300944D1B /* Info.plist */,
			);
			path = audio2005UITests;
			sourceTree = "<group>";
		};
		433AA4051F8A21EC00575567 /* FactoriesTests */ = {
			isa = PBXGroup;
			children = (
				43A657AB1F9057DE0026A2D9 /* AlbumFactoryTests.swift */,
				430617721F8A653800432E69 /* FactoriesTests.swift */,
			);
			path = FactoriesTests;
			sourceTree = "<group>";
		};
		43C7372B1F89215C0098D95A = {
			isa = PBXGroup;
			children = (
				43C737361F89215C0098D95A /* audio2005 */,
				43C7374B1F89215C0098D95A /* audio2005Tests */,
				433664E61F8CF41300944D1B /* audio2005UITests */,
				43C737351F89215C0098D95A /* Products */,
				3768F41AB844B7FE8DD25E17 /* Pods */,
				E7ABE9FD5ABAFDD60F7762EA /* Frameworks */,
			);
			sourceTree = "<group>";
		};
		43C737351F89215C0098D95A /* Products */ = {
			isa = PBXGroup;
			children = (
				43C737341F89215C0098D95A /* audio2005.app */,
				43C737481F89215C0098D95A /* audio2005Tests.xctest */,
				433664E51F8CF41300944D1B /* audio2005UITests.xctest */,
			);
			name = Products;
			sourceTree = "<group>";
		};
		43C737361F89215C0098D95A /* audio2005 */ = {
			isa = PBXGroup;
			children = (
				43C737371F89215C0098D95A /* AppDelegate.swift */,
				43F0C7DB1F89393E0091D790 /* Controllers */,
				43F0C7DA1F892F160091D790 /* Factories */,
				432136D91F8929670045F6A9 /* Basics */,
				43C7375C1F8921F10098D95A /* Libs */,
				43C737631F8927400098D95A /* Supports */,
				43C7373B1F89215C0098D95A /* Main.storyboard */,
				43C7373E1F89215C0098D95A /* Assets.xcassets */,
				43C737401F89215C0098D95A /* LaunchScreen.storyboard */,
			);
			path = audio2005;
			sourceTree = "<group>";
		};
		43C7374B1F89215C0098D95A /* audio2005Tests */ = {
			isa = PBXGroup;
			children = (
				433AA4051F8A21EC00575567 /* FactoriesTests */,
				43C7374E1F89215C0098D95A /* Info.plist */,
			);
			path = audio2005Tests;
			sourceTree = "<group>";
		};
		43C7375C1F8921F10098D95A /* Libs */ = {
			isa = PBXGroup;
			children = (
				43C7375E1F8922380098D95A /* syslog.swift */,
				433AA3FD1F8A0C1D00575567 /* utils.swift */,
				4306176E1F8A58E100432E69 /* components.swift */,
			);
			name = Libs;
			sourceTree = "<group>";
		};
		43C737631F8927400098D95A /* Supports */ = {
			isa = PBXGroup;
			children = (
				43C737431F89215C0098D95A /* Info.plist */,
			);
			name = Supports;
			sourceTree = "<group>";
		};
		43F0C7DA1F892F160091D790 /* Factories */ = {
			isa = PBXGroup;
			children = (
				433987211F8942600062FC07 /* Constants.swift */,
				433AA3FF1F8A217100575567 /* AlbumFactory.swift */,
				433AA4011F8A21BA00575567 /* ItemsFactory.swift */,
				430617701F8A64C400432E69 /* FactoryHttpInterface.swift */,
			);
			name = Factories;
			sourceTree = "<group>";
		};
		43F0C7DB1F89393E0091D790 /* Controllers */ = {
			isa = PBXGroup;
			children = (
				43C737391F89215C0098D95A /* IViewController.swift */,
				43F0C7DC1F8939A70091D790 /* IIViewController.swift */,
				43F0C7DE1F893ABB0091D790 /* IIIViewController.swift */,
				430617671F8A484100432E69 /* MP3Controller.swift */,
			);
			name = Controllers;
			sourceTree = "<group>";
		};
		E7ABE9FD5ABAFDD60F7762EA /* Frameworks */ = {
			isa = PBXGroup;
			children = (
				74B14A1A55D58B53B3BCC3DE /* Pods_audio2005.framework */,
				613F4BD26F0B29233D1303AF /* Pods_audio2005Tests.framework */,
				8EB5B605D300D8797796D386 /* Pods_audio2005UITests.framework */,
			);
			name = Frameworks;
			sourceTree = "<group>";
		};
/* End PBXGroup section */

/* Begin PBXNativeTarget section */
		433664E41F8CF41300944D1B /* audio2005UITests */ = {
			isa = PBXNativeTarget;
			buildConfigurationList = 433664EE1F8CF41300944D1B /* Build configuration list for PBXNativeTarget "audio2005UITests" */;
			buildPhases = (
				0CD625733C37F6FAC31F7F56 /* [CP] Check Pods Manifest.lock */,
				433664E11F8CF41300944D1B /* Sources */,
				433664E21F8CF41300944D1B /* Frameworks */,
				433664E31F8CF41300944D1B /* Resources */,
				50C96CD05828B57D07261BE0 /* [CP] Embed Pods Frameworks */,
				043A7BE798EAB4C77DE804AC /* [CP] Copy Pods Resources */,
			);
			buildRules = (
			);
			dependencies = (
				433664EB1F8CF41300944D1B /* PBXTargetDependency */,
			);
			name = audio2005UITests;
			productName = audio2005UITests;
			productReference = 433664E51F8CF41300944D1B /* audio2005UITests.xctest */;
			productType = "com.apple.product-type.bundle.ui-testing";
		};
		43C737331F89215C0098D95A /* audio2005 */ = {
			isa = PBXNativeTarget;
			buildConfigurationList = 43C737511F89215C0098D95A /* Build configuration list for PBXNativeTarget "audio2005" */;
			buildPhases = (
				85A9C71423F39511A4CB50AF /* [CP] Check Pods Manifest.lock */,
				43C737301F89215C0098D95A /* Sources */,
				43C737311F89215C0098D95A /* Frameworks */,
				43C737321F89215C0098D95A /* Resources */,
				2ECE787ACC653F84350DDB56 /* [CP] Embed Pods Frameworks */,
				F5D937FEEB16C0E8EDFC7930 /* [CP] Copy Pods Resources */,
			);
			buildRules = (
			);
			dependencies = (
			);
			name = audio2005;
			productName = audio2005;
			productReference = 43C737341F89215C0098D95A /* audio2005.app */;
			productType = "com.apple.product-type.application";
		};
		43C737471F89215C0098D95A /* audio2005Tests */ = {
			isa = PBXNativeTarget;
			buildConfigurationList = 43C737541F89215C0098D95A /* Build configuration list for PBXNativeTarget "audio2005Tests" */;
			buildPhases = (
				4A5B6EC8A6798AEB560A0849 /* [CP] Check Pods Manifest.lock */,
				43C737441F89215C0098D95A /* Sources */,
				43C737451F89215C0098D95A /* Frameworks */,
				43C737461F89215C0098D95A /* Resources */,
				B1222A23FF32A80C4ECB52A3 /* [CP] Embed Pods Frameworks */,
				45821C9456F48118A070CD0D /* [CP] Copy Pods Resources */,
			);
			buildRules = (
			);
			dependencies = (
				43C7374A1F89215C0098D95A /* PBXTargetDependency */,
			);
			name = audio2005Tests;
			productName = audio2005Tests;
			productReference = 43C737481F89215C0098D95A /* audio2005Tests.xctest */;
			productType = "com.apple.product-type.bundle.unit-test";
		};
/* End PBXNativeTarget section */

/* Begin PBXProject section */
		43C7372C1F89215C0098D95A /* Project object */ = {
			isa = PBXProject;
			attributes = {
				LastSwiftUpdateCheck = 0900;
				LastUpgradeCheck = 0900;
				ORGANIZATIONNAME = martian2049;
				TargetAttributes = {
					433664E41F8CF41300944D1B = {
						CreatedOnToolsVersion = 9.0;
						ProvisioningStyle = Automatic;
						TestTargetID = 43C737331F89215C0098D95A;
					};
					43C737331F89215C0098D95A = {
						CreatedOnToolsVersion = 9.0;
						ProvisioningStyle = Automatic;
					};
					43C737471F89215C0098D95A = {
						CreatedOnToolsVersion = 9.0;
						ProvisioningStyle = Automatic;
						TestTargetID = 43C737331F89215C0098D95A;
					};
				};
			};
			buildConfigurationList = 43C7372F1F89215C0098D95A /* Build configuration list for PBXProject "audio2005" */;
			compatibilityVersion = "Xcode 8.0";
			developmentRegion = en;
			hasScannedForEncodings = 0;
			knownRegions = (
				en,
				Base,
			);
			mainGroup = 43C7372B1F89215C0098D95A;
			productRefGroup = 43C737351F89215C0098D95A /* Products */;
			projectDirPath = "";
			projectRoot = "";
			targets = (
				43C737331F89215C0098D95A /* audio2005 */,
				43C737471F89215C0098D95A /* audio2005Tests */,
				433664E41F8CF41300944D1B /* audio2005UITests */,
			);
		};
/* End PBXProject section */

/* Begin PBXResourcesBuildPhase section */
		433664E31F8CF41300944D1B /* Resources */ = {
			isa = PBXResourcesBuildPhase;
			buildActionMask = 2147483647;
			files = (
			);
			runOnlyForDeploymentPostprocessing = 0;
		};
		43C737321F89215C0098D95A /* Resources */ = {
			isa = PBXResourcesBuildPhase;
			buildActionMask = 2147483647;
			files = (
				43C737421F89215C0098D95A /* LaunchScreen.storyboard in Resources */,
				43C7373F1F89215C0098D95A /* Assets.xcassets in Resources */,
				43C7373D1F89215C0098D95A /* Main.storyboard in Resources */,
			);
			runOnlyForDeploymentPostprocessing = 0;
		};
		43C737461F89215C0098D95A /* Resources */ = {
			isa = PBXResourcesBuildPhase;
			buildActionMask = 2147483647;
			files = (
			);
			runOnlyForDeploymentPostprocessing = 0;
		};
/* End PBXResourcesBuildPhase section */

/* Begin PBXShellScriptBuildPhase section */
		043A7BE798EAB4C77DE804AC /* [CP] Copy Pods Resources */ = {
			isa = PBXShellScriptBuildPhase;
			buildActionMask = 2147483647;
			files = (
			);
			inputPaths = (
			);
			name = "[CP] Copy Pods Resources";
			outputPaths = (
			);
			runOnlyForDeploymentPostprocessing = 0;
			shellPath = /bin/sh;
			shellScript = "\"${SRCROOT}/Pods/Target Support Files/Pods-audio2005UITests/Pods-audio2005UITests-resources.sh\"\n";
			showEnvVarsInLog = 0;
		};
		0CD625733C37F6FAC31F7F56 /* [CP] Check Pods Manifest.lock */ = {
			isa = PBXShellScriptBuildPhase;
			buildActionMask = 2147483647;
			files = (
			);
			inputPaths = (
				"${PODS_PODFILE_DIR_PATH}/Podfile.lock",
				"${PODS_ROOT}/Manifest.lock",
			);
			name = "[CP] Check Pods Manifest.lock";
			outputPaths = (
				"$(DERIVED_FILE_DIR)/Pods-audio2005UITests-checkManifestLockResult.txt",
			);
			runOnlyForDeploymentPostprocessing = 0;
			shellPath = /bin/sh;
			shellScript = "diff \"${PODS_PODFILE_DIR_PATH}/Podfile.lock\" \"${PODS_ROOT}/Manifest.lock\" > /dev/null\nif [ $? != 0 ] ; then\n    # print error to STDERR\n    echo \"error: The sandbox is not in sync with the Podfile.lock. Run 'pod install' or update your CocoaPods installation.\" >&2\n    exit 1\nfi\n# This output is used by Xcode 'outputs' to avoid re-running this script phase.\necho \"SUCCESS\" > \"${SCRIPT_OUTPUT_FILE_0}\"\n";
			showEnvVarsInLog = 0;
		};
		2ECE787ACC653F84350DDB56 /* [CP] Embed Pods Frameworks */ = {
			isa = PBXShellScriptBuildPhase;
			buildActionMask = 2147483647;
			files = (
			);
			inputPaths = (
				"${SRCROOT}/Pods/Target Support Files/Pods-audio2005/Pods-audio2005-frameworks.sh",
				"${BUILT_PRODUCTS_DIR}/Alamofire/Alamofire.framework",
			);
			name = "[CP] Embed Pods Frameworks";
			outputPaths = (
				"${TARGET_BUILD_DIR}/${FRAMEWORKS_FOLDER_PATH}/Alamofire.framework",
			);
			runOnlyForDeploymentPostprocessing = 0;
			shellPath = /bin/sh;
			shellScript = "\"${SRCROOT}/Pods/Target Support Files/Pods-audio2005/Pods-audio2005-frameworks.sh\"\n";
			showEnvVarsInLog = 0;
		};
		45821C9456F48118A070CD0D /* [CP] Copy Pods Resources */ = {
			isa = PBXShellScriptBuildPhase;
			buildActionMask = 2147483647;
			files = (
			);
			inputPaths = (
			);
			name = "[CP] Copy Pods Resources";
			outputPaths = (
			);
			runOnlyForDeploymentPostprocessing = 0;
			shellPath = /bin/sh;
			shellScript = "\"${SRCROOT}/Pods/Target Support Files/Pods-audio2005Tests/Pods-audio2005Tests-resources.sh\"\n";
			showEnvVarsInLog = 0;
		};
		4A5B6EC8A6798AEB560A0849 /* [CP] Check Pods Manifest.lock */ = {
			isa = PBXShellScriptBuildPhase;
			buildActionMask = 2147483647;
			files = (
			);
			inputPaths = (
				"${PODS_PODFILE_DIR_PATH}/Podfile.lock",
				"${PODS_ROOT}/Manifest.lock",
			);
			name = "[CP] Check Pods Manifest.lock";
			outputPaths = (
				"$(DERIVED_FILE_DIR)/Pods-audio2005Tests-checkManifestLockResult.txt",
			);
			runOnlyForDeploymentPostprocessing = 0;
			shellPath = /bin/sh;
			shellScript = "diff \"${PODS_PODFILE_DIR_PATH}/Podfile.lock\" \"${PODS_ROOT}/Manifest.lock\" > /dev/null\nif [ $? != 0 ] ; then\n    # print error to STDERR\n    echo \"error: The sandbox is not in sync with the Podfile.lock. Run 'pod install' or update your CocoaPods installation.\" >&2\n    exit 1\nfi\n# This output is used by Xcode 'outputs' to avoid re-running this script phase.\necho \"SUCCESS\" > \"${SCRIPT_OUTPUT_FILE_0}\"\n";
			showEnvVarsInLog = 0;
		};
		50C96CD05828B57D07261BE0 /* [CP] Embed Pods Frameworks */ = {
			isa = PBXShellScriptBuildPhase;
			buildActionMask = 2147483647;
			files = (
			);
			inputPaths = (
			);
			name = "[CP] Embed Pods Frameworks";
			outputPaths = (
			);
			runOnlyForDeploymentPostprocessing = 0;
			shellPath = /bin/sh;
			shellScript = "\"${SRCROOT}/Pods/Target Support Files/Pods-audio2005UITests/Pods-audio2005UITests-frameworks.sh\"\n";
			showEnvVarsInLog = 0;
		};
		85A9C71423F39511A4CB50AF /* [CP] Check Pods Manifest.lock */ = {
			isa = PBXShellScriptBuildPhase;
			buildActionMask = 2147483647;
			files = (
			);
			inputPaths = (
				"${PODS_PODFILE_DIR_PATH}/Podfile.lock",
				"${PODS_ROOT}/Manifest.lock",
			);
			name = "[CP] Check Pods Manifest.lock";
			outputPaths = (
				"$(DERIVED_FILE_DIR)/Pods-audio2005-checkManifestLockResult.txt",
			);
			runOnlyForDeploymentPostprocessing = 0;
			shellPath = /bin/sh;
			shellScript = "diff \"${PODS_PODFILE_DIR_PATH}/Podfile.lock\" \"${PODS_ROOT}/Manifest.lock\" > /dev/null\nif [ $? != 0 ] ; then\n    # print error to STDERR\n    echo \"error: The sandbox is not in sync with the Podfile.lock. Run 'pod install' or update your CocoaPods installation.\" >&2\n    exit 1\nfi\n# This output is used by Xcode 'outputs' to avoid re-running this script phase.\necho \"SUCCESS\" > \"${SCRIPT_OUTPUT_FILE_0}\"\n";
			showEnvVarsInLog = 0;
		};
		B1222A23FF32A80C4ECB52A3 /* [CP] Embed Pods Frameworks */ = {
			isa = PBXShellScriptBuildPhase;
			buildActionMask = 2147483647;
			files = (
			);
			inputPaths = (
			);
			name = "[CP] Embed Pods Frameworks";
			outputPaths = (
			);
			runOnlyForDeploymentPostprocessing = 0;
			shellPath = /bin/sh;
			shellScript = "\"${SRCROOT}/Pods/Target Support Files/Pods-audio2005Tests/Pods-audio2005Tests-frameworks.sh\"\n";
			showEnvVarsInLog = 0;
		};
		F5D937FEEB16C0E8EDFC7930 /* [CP] Copy Pods Resources */ = {
			isa = PBXShellScriptBuildPhase;
			buildActionMask = 2147483647;
			files = (
			);
			inputPaths = (
			);
			name = "[CP] Copy Pods Resources";
			outputPaths = (
			);
			runOnlyForDeploymentPostprocessing = 0;
			shellPath = /bin/sh;
			shellScript = "\"${SRCROOT}/Pods/Target Support Files/Pods-audio2005/Pods-audio2005-resources.sh\"\n";
			showEnvVarsInLog = 0;
		};
/* End PBXShellScriptBuildPhase section */

/* Begin PBXSourcesBuildPhase section */
		433664E11F8CF41300944D1B /* Sources */ = {
			isa = PBXSourcesBuildPhase;
			buildActionMask = 2147483647;
			files = (
				433664E81F8CF41300944D1B /* audio2005UITests.swift in Sources */,
			);
			runOnlyForDeploymentPostprocessing = 0;
		};
		43C737301F89215C0098D95A /* Sources */ = {
			isa = PBXSourcesBuildPhase;
			buildActionMask = 2147483647;
			files = (
				43C7373A1F89215C0098D95A /* IViewController.swift in Sources */,
				43C7375F1F8922380098D95A /* syslog.swift in Sources */,
				43F0C7DD1F8939A70091D790 /* IIViewController.swift in Sources */,
				433AA4021F8A21BA00575567 /* ItemsFactory.swift in Sources */,
				430617681F8A484100432E69 /* MP3Controller.swift in Sources */,
				43C737381F89215C0098D95A /* AppDelegate.swift in Sources */,
				433AA4001F8A217100575567 /* AlbumFactory.swift in Sources */,
				43F0C7DF1F893ABB0091D790 /* IIIViewController.swift in Sources */,
				433AA3FE1F8A0C1D00575567 /* utils.swift in Sources */,
				430617711F8A64C400432E69 /* FactoryHttpInterface.swift in Sources */,
				433987221F8942600062FC07 /* Constants.swift in Sources */,
				43C737621F8927070098D95A /* Extensions.swift in Sources */,
				432136DB1F8929880045F6A9 /* HttpFrame.swift in Sources */,
				4306176F1F8A58E100432E69 /* components.swift in Sources */,
			);
			runOnlyForDeploymentPostprocessing = 0;
		};
		43C737441F89215C0098D95A /* Sources */ = {
			isa = PBXSourcesBuildPhase;
			buildActionMask = 2147483647;
			files = (
				43A657AC1F9057DE0026A2D9 /* AlbumFactoryTests.swift in Sources */,
				430617731F8A653800432E69 /* FactoriesTests.swift in Sources */,
			);
			runOnlyForDeploymentPostprocessing = 0;
		};
/* End PBXSourcesBuildPhase section */

/* Begin PBXTargetDependency section */
		433664EB1F8CF41300944D1B /* PBXTargetDependency */ = {
			isa = PBXTargetDependency;
			target = 43C737331F89215C0098D95A /* audio2005 */;
			targetProxy = 433664EA1F8CF41300944D1B /* PBXContainerItemProxy */;
		};
		43C7374A1F89215C0098D95A /* PBXTargetDependency */ = {
			isa = PBXTargetDependency;
			target = 43C737331F89215C0098D95A /* audio2005 */;
			targetProxy = 43C737491F89215C0098D95A /* PBXContainerItemProxy */;
		};
/* End PBXTargetDependency section */

/* Begin PBXVariantGroup section */
		43C7373B1F89215C0098D95A /* Main.storyboard */ = {
			isa = PBXVariantGroup;
			children = (
				43C7373C1F89215C0098D95A /* Base */,
			);
			name = Main.storyboard;
			sourceTree = "<group>";
		};
		43C737401F89215C0098D95A /* LaunchScreen.storyboard */ = {
			isa = PBXVariantGroup;
			children = (
				43C737411F89215C0098D95A /* Base */,
			);
			name = LaunchScreen.storyboard;
			sourceTree = "<group>";
		};
/* End PBXVariantGroup section */

/* Begin XCBuildConfiguration section */
		433664EC1F8CF41300944D1B /* Debug */ = {
			isa = XCBuildConfiguration;
			baseConfigurationReference = 017862782B41F1BFB74701BD /* Pods-audio2005UITests.debug.xcconfig */;
			buildSettings = {
				CODE_SIGN_STYLE = Automatic;
				DEVELOPMENT_TEAM = B8S8Q3W4MR;
				INFOPLIST_FILE = audio2005UITests/Info.plist;
				LD_RUNPATH_SEARCH_PATHS = "$(inherited) @executable_path/Frameworks @loader_path/Frameworks";
				PRODUCT_BUNDLE_IDENTIFIER = audio.audio2005UITests;
				PRODUCT_NAME = "$(TARGET_NAME)";
				SWIFT_VERSION = 4.0;
				TARGETED_DEVICE_FAMILY = "1,2";
				TEST_TARGET_NAME = audio2005;
			};
			name = Debug;
		};
		433664ED1F8CF41300944D1B /* Release */ = {
			isa = XCBuildConfiguration;
			baseConfigurationReference = 621705D40611FCD6EF70E00E /* Pods-audio2005UITests.release.xcconfig */;
			buildSettings = {
				CODE_SIGN_STYLE = Automatic;
				DEVELOPMENT_TEAM = B8S8Q3W4MR;
				INFOPLIST_FILE = audio2005UITests/Info.plist;
				LD_RUNPATH_SEARCH_PATHS = "$(inherited) @executable_path/Frameworks @loader_path/Frameworks";
				PRODUCT_BUNDLE_IDENTIFIER = audio.audio2005UITests;
				PRODUCT_NAME = "$(TARGET_NAME)";
				SWIFT_VERSION = 4.0;
				TARGETED_DEVICE_FAMILY = "1,2";
				TEST_TARGET_NAME = audio2005;
			};
			name = Release;
		};
		43C7374F1F89215C0098D95A /* Debug */ = {
			isa = XCBuildConfiguration;
			buildSettings = {
				ALWAYS_SEARCH_USER_PATHS = NO;
				CLANG_ANALYZER_NONNULL = YES;
				CLANG_ANALYZER_NUMBER_OBJECT_CONVERSION = YES_AGGRESSIVE;
				CLANG_CXX_LANGUAGE_STANDARD = "gnu++14";
				CLANG_CXX_LIBRARY = "libc++";
				CLANG_ENABLE_MODULES = YES;
				CLANG_ENABLE_OBJC_ARC = YES;
				CLANG_WARN_BLOCK_CAPTURE_AUTORELEASING = YES;
				CLANG_WARN_BOOL_CONVERSION = YES;
				CLANG_WARN_COMMA = YES;
				CLANG_WARN_CONSTANT_CONVERSION = YES;
				CLANG_WARN_DIRECT_OBJC_ISA_USAGE = YES_ERROR;
				CLANG_WARN_DOCUMENTATION_COMMENTS = YES;
				CLANG_WARN_EMPTY_BODY = YES;
				CLANG_WARN_ENUM_CONVERSION = YES;
				CLANG_WARN_INFINITE_RECURSION = YES;
				CLANG_WARN_INT_CONVERSION = YES;
				CLANG_WARN_NON_LITERAL_NULL_CONVERSION = YES;
				CLANG_WARN_OBJC_LITERAL_CONVERSION = YES;
				CLANG_WARN_OBJC_ROOT_CLASS = YES_ERROR;
				CLANG_WARN_RANGE_LOOP_ANALYSIS = YES;
				CLANG_WARN_STRICT_PROTOTYPES = YES;
				CLANG_WARN_SUSPICIOUS_MOVE = YES;
				CLANG_WARN_UNGUARDED_AVAILABILITY = YES_AGGRESSIVE;
				CLANG_WARN_UNREACHABLE_CODE = YES;
				CLANG_WARN__DUPLICATE_METHOD_MATCH = YES;
				CODE_SIGN_IDENTITY = "iPhone Developer";
				COPY_PHASE_STRIP = NO;
				DEBUG_INFORMATION_FORMAT = dwarf;
				ENABLE_STRICT_OBJC_MSGSEND = YES;
				ENABLE_TESTABILITY = YES;
				GCC_C_LANGUAGE_STANDARD = gnu11;
				GCC_DYNAMIC_NO_PIC = NO;
				GCC_NO_COMMON_BLOCKS = YES;
				GCC_OPTIMIZATION_LEVEL = 0;
				GCC_PREPROCESSOR_DEFINITIONS = (
					"DEBUG=1",
					"$(inherited)",
				);
				GCC_WARN_64_TO_32_BIT_CONVERSION = YES;
				GCC_WARN_ABOUT_RETURN_TYPE = YES_ERROR;
				GCC_WARN_UNDECLARED_SELECTOR = YES;
				GCC_WARN_UNINITIALIZED_AUTOS = YES_AGGRESSIVE;
				GCC_WARN_UNUSED_FUNCTION = YES;
				GCC_WARN_UNUSED_VARIABLE = YES;
				IPHONEOS_DEPLOYMENT_TARGET = 11.0;
				MTL_ENABLE_DEBUG_INFO = YES;
				ONLY_ACTIVE_ARCH = YES;
				SDKROOT = iphoneos;
				SWIFT_ACTIVE_COMPILATION_CONDITIONS = DEBUG;
				SWIFT_OPTIMIZATION_LEVEL = "-Onone";
			};
			name = Debug;
		};
		43C737501F89215C0098D95A /* Release */ = {
			isa = XCBuildConfiguration;
			buildSettings = {
				ALWAYS_SEARCH_USER_PATHS = NO;
				CLANG_ANALYZER_NONNULL = YES;
				CLANG_ANALYZER_NUMBER_OBJECT_CONVERSION = YES_AGGRESSIVE;
				CLANG_CXX_LANGUAGE_STANDARD = "gnu++14";
				CLANG_CXX_LIBRARY = "libc++";
				CLANG_ENABLE_MODULES = YES;
				CLANG_ENABLE_OBJC_ARC = YES;
				CLANG_WARN_BLOCK_CAPTURE_AUTORELEASING = YES;
				CLANG_WARN_BOOL_CONVERSION = YES;
				CLANG_WARN_COMMA = YES;
				CLANG_WARN_CONSTANT_CONVERSION = YES;
				CLANG_WARN_DIRECT_OBJC_ISA_USAGE = YES_ERROR;
				CLANG_WARN_DOCUMENTATION_COMMENTS = YES;
				CLANG_WARN_EMPTY_BODY = YES;
				CLANG_WARN_ENUM_CONVERSION = YES;
				CLANG_WARN_INFINITE_RECURSION = YES;
				CLANG_WARN_INT_CONVERSION = YES;
				CLANG_WARN_NON_LITERAL_NULL_CONVERSION = YES;
				CLANG_WARN_OBJC_LITERAL_CONVERSION = YES;
				CLANG_WARN_OBJC_ROOT_CLASS = YES_ERROR;
				CLANG_WARN_RANGE_LOOP_ANALYSIS = YES;
				CLANG_WARN_STRICT_PROTOTYPES = YES;
				CLANG_WARN_SUSPICIOUS_MOVE = YES;
				CLANG_WARN_UNGUARDED_AVAILABILITY = YES_AGGRESSIVE;
				CLANG_WARN_UNREACHABLE_CODE = YES;
				CLANG_WARN__DUPLICATE_METHOD_MATCH = YES;
				CODE_SIGN_IDENTITY = "iPhone Developer";
				COPY_PHASE_STRIP = NO;
				DEBUG_INFORMATION_FORMAT = "dwarf-with-dsym";
				ENABLE_NS_ASSERTIONS = NO;
				ENABLE_STRICT_OBJC_MSGSEND = YES;
				GCC_C_LANGUAGE_STANDARD = gnu11;
				GCC_NO_COMMON_BLOCKS = YES;
				GCC_WARN_64_TO_32_BIT_CONVERSION = YES;
				GCC_WARN_ABOUT_RETURN_TYPE = YES_ERROR;
				GCC_WARN_UNDECLARED_SELECTOR = YES;
				GCC_WARN_UNINITIALIZED_AUTOS = YES_AGGRESSIVE;
				GCC_WARN_UNUSED_FUNCTION = YES;
				GCC_WARN_UNUSED_VARIABLE = YES;
				IPHONEOS_DEPLOYMENT_TARGET = 11.0;
				MTL_ENABLE_DEBUG_INFO = NO;
				SDKROOT = iphoneos;
				SWIFT_OPTIMIZATION_LEVEL = "-Owholemodule";
				VALIDATE_PRODUCT = YES;
			};
			name = Release;
		};
		43C737521F89215C0098D95A /* Debug */ = {
			isa = XCBuildConfiguration;
			baseConfigurationReference = 1A072D663C3A1A7CBABF6C97 /* Pods-audio2005.debug.xcconfig */;
			buildSettings = {
				ASSETCATALOG_COMPILER_APPICON_NAME = AppIcon;
				CODE_SIGN_STYLE = Automatic;
				DEVELOPMENT_TEAM = B8S8Q3W4MR;
				INFOPLIST_FILE = audio2005/Info.plist;
				LD_RUNPATH_SEARCH_PATHS = "$(inherited) @executable_path/Frameworks";
				PRODUCT_BUNDLE_IDENTIFIER = audio.audio2005;
				PRODUCT_NAME = "$(TARGET_NAME)";
				SWIFT_VERSION = 4.0;
				TARGETED_DEVICE_FAMILY = "1,2";
			};
			name = Debug;
		};
		43C737531F89215C0098D95A /* Release */ = {
			isa = XCBuildConfiguration;
			baseConfigurationReference = 4FDA37B582F4037947E03966 /* Pods-audio2005.release.xcconfig */;
			buildSettings = {
				ASSETCATALOG_COMPILER_APPICON_NAME = AppIcon;
				CODE_SIGN_STYLE = Automatic;
				DEVELOPMENT_TEAM = B8S8Q3W4MR;
				INFOPLIST_FILE = audio2005/Info.plist;
				LD_RUNPATH_SEARCH_PATHS = "$(inherited) @executable_path/Frameworks";
				PRODUCT_BUNDLE_IDENTIFIER = audio.audio2005;
				PRODUCT_NAME = "$(TARGET_NAME)";
				SWIFT_VERSION = 4.0;
				TARGETED_DEVICE_FAMILY = "1,2";
			};
			name = Release;
		};
		43C737551F89215C0098D95A /* Debug */ = {
			isa = XCBuildConfiguration;
			baseConfigurationReference = DD386E61589500775ED43D21 /* Pods-audio2005Tests.debug.xcconfig */;
			buildSettings = {
				ALWAYS_EMBED_SWIFT_STANDARD_LIBRARIES = YES;
				BUNDLE_LOADER = "$(TEST_HOST)";
				CODE_SIGN_STYLE = Automatic;
				DEVELOPMENT_TEAM = B8S8Q3W4MR;
				INFOPLIST_FILE = audio2005Tests/Info.plist;
				LD_RUNPATH_SEARCH_PATHS = "$(inherited) @executable_path/Frameworks @loader_path/Frameworks";
				PRODUCT_BUNDLE_IDENTIFIER = audio.audio2005Tests;
				PRODUCT_NAME = "$(TARGET_NAME)";
				SWIFT_VERSION = 4.0;
				TARGETED_DEVICE_FAMILY = "1,2";
				TEST_HOST = "$(BUILT_PRODUCTS_DIR)/audio2005.app/audio2005";
			};
			name = Debug;
		};
		43C737561F89215C0098D95A /* Release */ = {
			isa = XCBuildConfiguration;
			baseConfigurationReference = 0712EADAA1E7C9C9B770BF66 /* Pods-audio2005Tests.release.xcconfig */;
			buildSettings = {
				ALWAYS_EMBED_SWIFT_STANDARD_LIBRARIES = YES;
				BUNDLE_LOADER = "$(TEST_HOST)";
				CODE_SIGN_STYLE = Automatic;
				DEVELOPMENT_TEAM = B8S8Q3W4MR;
				INFOPLIST_FILE = audio2005Tests/Info.plist;
				LD_RUNPATH_SEARCH_PATHS = "$(inherited) @executable_path/Frameworks @loader_path/Frameworks";
				PRODUCT_BUNDLE_IDENTIFIER = audio.audio2005Tests;
				PRODUCT_NAME = "$(TARGET_NAME)";
				SWIFT_VERSION = 4.0;
				TARGETED_DEVICE_FAMILY = "1,2";
				TEST_HOST = "$(BUILT_PRODUCTS_DIR)/audio2005.app/audio2005";
			};
			name = Release;
		};
/* End XCBuildConfiguration section */

/* Begin XCConfigurationList section */
		433664EE1F8CF41300944D1B /* Build configuration list for PBXNativeTarget "audio2005UITests" */ = {
			isa = XCConfigurationList;
			buildConfigurations = (
				433664EC1F8CF41300944D1B /* Debug */,
				433664ED1F8CF41300944D1B /* Release */,
			);
			defaultConfigurationIsVisible = 0;
			defaultConfigurationName = Release;
		};
		43C7372F1F89215C0098D95A /* Build configuration list for PBXProject "audio2005" */ = {
			isa = XCConfigurationList;
			buildConfigurations = (
				43C7374F1F89215C0098D95A /* Debug */,
				43C737501F89215C0098D95A /* Release */,
			);
			defaultConfigurationIsVisible = 0;
			defaultConfigurationName = Release;
		};
		43C737511F89215C0098D95A /* Build configuration list for PBXNativeTarget "audio2005" */ = {
			isa = XCConfigurationList;
			buildConfigurations = (
				43C737521F89215C0098D95A /* Debug */,
				43C737531F89215C0098D95A /* Release */,
			);
			defaultConfigurationIsVisible = 0;
			defaultConfigurationName = Release;
		};
		43C737541F89215C0098D95A /* Build configuration list for PBXNativeTarget "audio2005Tests" */ = {
			isa = XCConfigurationList;
			buildConfigurations = (
				43C737551F89215C0098D95A /* Debug */,
				43C737561F89215C0098D95A /* Release */,
			);
			defaultConfigurationIsVisible = 0;
			defaultConfigurationName = Release;
		};
/* End XCConfigurationList section */
	};
	rootObject = 43C7372C1F89215C0098D95A /* Project object */;
}
